{
  "name": "@revolist/angular-datagrid",
  "version": "4.0.37",
  "lockfileVersion": 3,
  "requires": true,
  "packages": {
    "": {
      "name": "@revolist/angular-datagrid",
      "version": "4.0.37",
      "license": "MIT",
      "devDependencies": {
        "@angular/common": "^17.3.0",
        "@angular/core": "^17.3.0",
        "@stencil/core": "^4.17.1",
        "tslib": "^2.3.0"
      },
      "peerDependencies": {
        "@revolist/revogrid": "4.0.37"
      }
    },
    "node_modules/@angular/common": {
      "version": "17.3.11",
      "resolved": "https://registry.npmjs.org/@angular/common/-/common-17.3.11.tgz",
      "integrity": "sha512-WG+HQjUaQziYLGdbcv2aW+G73uroN5VF9yk4qWYcolW+VB8SV/DOAol8uFVgCF21cIOl5+wfJZvA4r5oG3dYaw==",
      "dev": true,
      "license": "MIT",
      "dependencies": {
        "tslib": "^2.3.0"
      },
      "engines": {
        "node": "^18.13.0 || >=20.9.0"
      },
      "peerDependencies": {
        "@angular/core": "17.3.11",
        "rxjs": "^6.5.3 || ^7.4.0"
      }
    },
    "node_modules/@angular/core": {
      "version": "17.3.11",
      "resolved": "https://registry.npmjs.org/@angular/core/-/core-17.3.11.tgz",
      "integrity": "sha512-2wPZwXFei3kVxK2ylIH6CdGebrC4kvooFx7qoX+250OITAEFMODJGdh/e3x0DpFUjlRvQtIFQ+YpQlfC5JnL4g==",
      "dev": true,
      "license": "MIT",
      "dependencies": {
        "tslib": "^2.3.0"
      },
      "engines": {
        "node": "^18.13.0 || >=20.9.0"
      },
      "peerDependencies": {
        "rxjs": "^6.5.3 || ^7.4.0",
        "zone.js": "~0.14.0"
      }
    },
    "node_modules/@revolist/revogrid": {
      "version": "4.0.37",
      "resolved": "https://registry.npmjs.org/@revolist/revogrid/-/revogrid-4.0.37.tgz",
      "integrity": "sha512-/V18+C38Gu+MtfKD0xwxXQfu7YLRQbMzqMRwR0B9h3EyY2zvNRgEjGPBUsWfgFvS7PYr3Vmm4XABQbBQGGW31Q==",
      "license": "MIT",
      "peer": true
    },
    "node_modules/@stencil/core": {
      "version": "4.19.2",
      "resolved": "https://registry.npmjs.org/@stencil/core/-/core-4.19.2.tgz",
      "integrity": "sha512-ZdnbHmHEl8E5vN0GWDtONe5w6j3CrSqqxZM4hNLBPkV/aouWKug7D5/Mi6RazfYO5U4fmHQYLwMz60rHcx0G4g==",
      "dev": true,
      "license": "MIT",
      "bin": {
        "stencil": "bin/stencil"
      },
      "engines": {
        "node": ">=16.0.0",
        "npm": ">=7.10.0"
      }
    },
    "node_modules/rxjs": {
      "version": "7.8.1",
      "resolved": "https://registry.npmjs.org/rxjs/-/rxjs-7.8.1.tgz",
      "integrity": "sha512-AA3TVj+0A2iuIoQkWEK/tqFjBq2j+6PO6Y0zJcvzLAFhEFIO3HL0vls9hWLncZbAAbK0mar7oZ4V079I/qPMxg==",
      "dev": true,
      "license": "Apache-2.0",
      "peer": true,
      "dependencies": {
        "tslib": "^2.1.0"
      }
    },
    "node_modules/tslib": {
      "version": "2.6.3",
      "resolved": "https://registry.npmjs.org/tslib/-/tslib-2.6.3.tgz",
      "integrity": "sha512-xNvxJEOUiWPGhUuUdQgAJPKOOJfGnIyKySOc09XkKsgdUV/3E2zvwZYdejjmRgPCgcym1juLH3226yA7sEFJKQ==",
      "dev": true,
      "license": "0BSD"
    },
    "node_modules/zone.js": {
      "version": "0.14.7",
      "resolved": "https://registry.npmjs.org/zone.js/-/zone.js-0.14.7.tgz",
      "integrity": "sha512-0w6DGkX2BPuiK/NLf+4A8FLE43QwBfuqz2dVgi/40Rj1WmqUskCqj329O/pwrqFJLG5X8wkeG2RhIAro441xtg==",
      "dev": true,
      "license": "MIT",
      "peer": true
    }
  }
}
