{
  "name": "@revolist/angular-datagrid",
  "version": "4.8.2",
  "lockfileVersion": 3,
  "requires": true,
  "packages": {
    "": {
      "name": "@revolist/angular-datagrid",
      "version": "4.8.2",
      "license": "MIT",
      "dependencies": {
        "@revolist/revogrid": "4.8.2",
        "@stencil/core": "^4.19.2"
      },
      "devDependencies": {
        "@angular/common": "^18.1.1",
        "@angular/core": "^18.1.1",
        "tslib": "^2.6.3"
      }
    },
    "node_modules/@angular/common": {
      "version": "18.1.1",
      "resolved": "https://registry.npmjs.org/@angular/common/-/common-18.1.1.tgz",
      "integrity": "sha512-qNfYAapvIi8JyQToSqbg3O5dRXaElv/yNp2evvBGn4UO/liHjdNV/DzgCdyKP7uVbYrR0W3bzj++SxVR3mrATQ==",
      "dev": true,
      "license": "MIT",
      "dependencies": {
        "tslib": "^2.3.0"
      },
      "engines": {
        "node": "^18.19.1 || ^20.11.1 || >=22.0.0"
      },
      "peerDependencies": {
        "@angular/core": "18.1.1",
        "rxjs": "^6.5.3 || ^7.4.0"
      }
    },
    "node_modules/@angular/core": {
      "version": "18.1.1",
      "resolved": "https://registry.npmjs.org/@angular/core/-/core-18.1.1.tgz",
      "integrity": "sha512-/JFQ49fVIthZzdggl7FOCYAjaynbkRcCyiri85kAyTIvJ6aMSIiEKwJCw45WI5ICf2HtC9kz6dr0OKhMR6SeiA==",
      "dev": true,
      "license": "MIT",
      "dependencies": {
        "tslib": "^2.3.0"
      },
      "engines": {
        "node": "^18.19.1 || ^20.11.1 || >=22.0.0"
      },
      "peerDependencies": {
        "rxjs": "^6.5.3 || ^7.4.0",
        "zone.js": "~0.14.0"
      }
    },
    "node_modules/@revolist/revogrid": {
      "version": "4.8.2",
      "resolved": "https://registry.npmjs.org/@revolist/revogrid/-/revogrid-4.8.2.tgz",
      "integrity": "sha512-5QvF0uhtrLjQF2fBBt8TbvyIBjlPNnnZcLncOKCmqGzSQRMuim8J2UGxQuw+ot7vV+mM777CGJ1Wp1GyFDvVZA==",
      "license": "MIT"
    },
    "node_modules/@stencil/core": {
      "version": "4.19.2",
      "resolved": "https://registry.npmjs.org/@stencil/core/-/core-4.19.2.tgz",
      "integrity": "sha512-ZdnbHmHEl8E5vN0GWDtONe5w6j3CrSqqxZM4hNLBPkV/aouWKug7D5/Mi6RazfYO5U4fmHQYLwMz60rHcx0G4g==",
      "license": "MIT",
      "bin": {
        "stencil": "bin/stencil"
      },
      "engines": {
        "node": ">=16.0.0",
        "npm": ">=7.10.0"
      }
    },
    "node_modules/rxjs": {
      "version": "7.8.1",
      "resolved": "https://registry.npmjs.org/rxjs/-/rxjs-7.8.1.tgz",
      "integrity": "sha512-AA3TVj+0A2iuIoQkWEK/tqFjBq2j+6PO6Y0zJcvzLAFhEFIO3HL0vls9hWLncZbAAbK0mar7oZ4V079I/qPMxg==",
      "dev": true,
      "license": "Apache-2.0",
      "peer": true,
      "dependencies": {
        "tslib": "^2.1.0"
      }
    },
    "node_modules/tslib": {
      "version": "2.6.3",
      "resolved": "https://registry.npmjs.org/tslib/-/tslib-2.6.3.tgz",
      "integrity": "sha512-xNvxJEOUiWPGhUuUdQgAJPKOOJfGnIyKySOc09XkKsgdUV/3E2zvwZYdejjmRgPCgcym1juLH3226yA7sEFJKQ==",
      "dev": true,
      "license": "0BSD"
    },
    "node_modules/zone.js": {
      "version": "0.14.8",
      "resolved": "https://registry.npmjs.org/zone.js/-/zone.js-0.14.8.tgz",
      "integrity": "sha512-48uh7MnVp4/OQDuCHeFdXw5d8xwPqFTvlHgPJ1LBFb5GaustLSZV+YUH0to5ygNyGpqTsjpbpt141U/j3pCfqQ==",
      "dev": true,
      "license": "MIT",
      "peer": true
    }
  }
}
