lockfileVersion: '9.0'

settings:
  autoInstallPeers: true
  excludeLinksFromLockfile: false

importers:

  .:
    dependencies:
      '@revolist/revogrid':
        specifier: 4.8.2
        version: 4.8.2
      '@stencil/core':
        specifier: ^4.19.2
        version: 4.19.2
    devDependencies:
      '@angular/common':
        specifier: ^18.0.6
        version: 18.1.1(@angular/core@18.1.1(rxjs@7.8.1)(zone.js@0.14.8))(rxjs@7.8.1)
      '@angular/core':
        specifier: ^18.0.6
        version: 18.1.1(rxjs@7.8.1)(zone.js@0.14.8)
      tslib:
        specifier: ^2.3.0
        version: 2.6.3

packages:

  '@angular/common@18.1.1':
    resolution: {integrity: sha512-qNfYAapvIi8JyQToSqbg3O5dRXaElv/yNp2evvBGn4UO/liHjdNV/DzgCdyKP7uVbYrR0W3bzj++SxVR3mrATQ==}
    engines: {node: ^18.19.1 || ^20.11.1 || >=22.0.0}
    peerDependencies:
      '@angular/core': 18.1.1
      rxjs: ^6.5.3 || ^7.4.0

  '@angular/core@18.1.1':
    resolution: {integrity: sha512-/JFQ49fVIthZzdggl7FOCYAjaynbkRcCyiri85kAyTIvJ6aMSIiEKwJCw45WI5ICf2HtC9kz6dr0OKhMR6SeiA==}
    engines: {node: ^18.19.1 || ^20.11.1 || >=22.0.0}
    peerDependencies:
      rxjs: ^6.5.3 || ^7.4.0
      zone.js: ~0.14.0

  '@revolist/revogrid@4.8.2':
    resolution: {integrity: sha512-5QvF0uhtrLjQF2fBBt8TbvyIBjlPNnnZcLncOKCmqGzSQRMuim8J2UGxQuw+ot7vV+mM777CGJ1Wp1GyFDvVZA==}

  '@stencil/core@4.19.2':
    resolution: {integrity: sha512-ZdnbHmHEl8E5vN0GWDtONe5w6j3CrSqqxZM4hNLBPkV/aouWKug7D5/Mi6RazfYO5U4fmHQYLwMz60rHcx0G4g==}
    engines: {node: '>=16.0.0', npm: '>=7.10.0'}
    hasBin: true

  rxjs@7.8.1:
    resolution: {integrity: sha512-AA3TVj+0A2iuIoQkWEK/tqFjBq2j+6PO6Y0zJcvzLAFhEFIO3HL0vls9hWLncZbAAbK0mar7oZ4V079I/qPMxg==}

  tslib@2.6.3:
    resolution: {integrity: sha512-xNvxJEOUiWPGhUuUdQgAJPKOOJfGnIyKySOc09XkKsgdUV/3E2zvwZYdejjmRgPCgcym1juLH3226yA7sEFJKQ==}

  zone.js@0.14.8:
    resolution: {integrity: sha512-48uh7MnVp4/OQDuCHeFdXw5d8xwPqFTvlHgPJ1LBFb5GaustLSZV+YUH0to5ygNyGpqTsjpbpt141U/j3pCfqQ==}

snapshots:

  '@angular/common@18.1.1(@angular/core@18.1.1(rxjs@7.8.1)(zone.js@0.14.8))(rxjs@7.8.1)':
    dependencies:
      '@angular/core': 18.1.1(rxjs@7.8.1)(zone.js@0.14.8)
      rxjs: 7.8.1
      tslib: 2.6.3

  '@angular/core@18.1.1(rxjs@7.8.1)(zone.js@0.14.8)':
    dependencies:
      rxjs: 7.8.1
      tslib: 2.6.3
      zone.js: 0.14.8

  '@revolist/revogrid@4.8.2': {}

  '@stencil/core@4.19.2': {}

  rxjs@7.8.1:
    dependencies:
      tslib: 2.6.3

  tslib@2.6.3: {}

  zone.js@0.14.8: {}
